
Microsoft Visual Studio Solution File, Format Version 12.00
# Visual Studio Version 16
VisualStudioVersion = 16.0.32901.82
MinimumVisualStudioVersion = 10.0.40219.1
Project("{9A19103F-16F7-4668-BE54-9A1E7A4F7556}") = "AIR_RESERVATION_SYSTEM_API", "AIR_RESERVATION_SYSTEM_API.csproj", "{C8E37D73-4631-45C0-8173-9DA4EBA5DA34}"
EndProject
Global
	GlobalSection(SolutionConfigurationPlatforms) = preSolution
		Debug|Any CPU = Debug|Any CPU
		Release|Any CPU = Release|Any CPU
	EndGlobalSection
	GlobalSection(ProjectConfigurationPlatforms) = postSolution
		{C8E37D73-4631-45C0-8173-9DA4EBA5DA34}.Debug|Any CPU.ActiveCfg = Debug|Any CPU
		{C8E37D73-4631-45C0-8173-9DA4EBA5DA34}.Debug|Any CPU.Build.0 = Debug|Any CPU
		{C8E37D73-4631-45C0-8173-9DA4EBA5DA34}.Release|Any CPU.ActiveCfg = Release|Any CPU
		{C8E37D73-4631-45C0-8173-9DA4EBA5DA34}.Release|Any CPU.Build.0 = Release|Any CPU
	EndGlobalSection
	GlobalSection(SolutionProperties) = preSolution
		HideSolutionNode = FALSE
	EndGlobalSection
	GlobalSection(ExtensibilityGlobals) = postSolution
		SolutionGuid = {63D3E90D-B0F9-4B63-AC9A-F50760EC8D94}
	EndGlobalSection
EndGlobal
